// !$*UTF8*$!
{
	archiveVersion = 1;
	classes = {
	};
	objectVersion = 48;
	objects = {

/* Begin PBXBuildFile section */
		436543A220A58A7B0089F809 /* AppDelegate.swift in Sources */ = {isa = PBXBuildFile; fileRef = 436543A120A58A7B0089F809 /* AppDelegate.swift */; };
		436543A420A58A7B0089F809 /* ViewController.swift in Sources */ = {isa = PBXBuildFile; fileRef = 436543A320A58A7B0089F809 /* ViewController.swift */; };
		436543A720A58A7B0089F809 /* Main.storyboard in Resources */ = {isa = PBXBuildFile; fileRef = 436543A520A58A7B0089F809 /* Main.storyboard */; };
		436543A920A58A7B0089F809 /* Assets.xcassets in Resources */ = {isa = PBXBuildFile; fileRef = 436543A820A58A7B0089F809 /* Assets.xcassets */; };
		436543AC20A58A7B0089F809 /* LaunchScreen.storyboard in Resources */ = {isa = PBXBuildFile; fileRef = 436543AA20A58A7B0089F809 /* LaunchScreen.storyboard */; };
		436543B520A58A900089F809 /* Model.xcdatamodeld in Sources */ = {isa = PBXBuildFile; fileRef = 436543B320A58A900089F809 /* Model.xcdatamodeld */; };
		436543B720A58B100089F809 /* CoreDataManager.swift in Sources */ = {isa = PBXBuildFile; fileRef = 436543B620A58B100089F809 /* CoreDataManager.swift */; };
		4372806D20AAB3860028C129 /* PersonModels.swift in Sources */ = {isa = PBXBuildFile; fileRef = 4372806C20AAB3860028C129 /* PersonModels.swift */; };
/* End PBXBuildFile section */

/* Begin PBXFileReference section */
		4365439E20A58A7B0089F809 /* CoreDataTest.app */ = {isa = PBXFileReference; explicitFileType = wrapper.application; includeInIndex = 0; path = CoreDataTest.app; sourceTree = BUILT_PRODUCTS_DIR; };
		436543A120A58A7B0089F809 /* AppDelegate.swift */ = {isa = PBXFileReference; lastKnownFileType = sourcecode.swift; path = AppDelegate.swift; sourceTree = "<group>"; };
		436543A320A58A7B0089F809 /* ViewController.swift */ = {isa = PBXFileReference; lastKnownFileType = sourcecode.swift; path = ViewController.swift; sourceTree = "<group>"; };
		436543A620A58A7B0089F809 /* Base */ = {isa = PBXFileReference; lastKnownFileType = file.storyboard; name = Base; path = Base.lproj/Main.storyboard; sourceTree = "<group>"; };
		436543A820A58A7B0089F809 /* Assets.xcassets */ = {isa = PBXFileReference; lastKnownFileType = folder.assetcatalog; path = Assets.xcassets; sourceTree = "<group>"; };
		436543AB20A58A7B0089F809 /* Base */ = {isa = PBXFileReference; lastKnownFileType = file.storyboard; name = Base; path = Base.lproj/LaunchScreen.storyboard; sourceTree = "<group>"; };
		436543AD20A58A7B0089F809 /* Info.plist */ = {isa = PBXFileReference; lastKnownFileType = text.plist.xml; path = Info.plist; sourceTree = "<group>"; };
		436543B420A58A900089F809 /* Model.xcdatamodel */ = {isa = PBXFileReference; lastKnownFileType = wrapper.xcdatamodel; path = Model.xcdatamodel; sourceTree = "<group>"; };
		436543B620A58B100089F809 /* CoreDataManager.swift */ = {isa = PBXFileReference; lastKnownFileType = sourcecode.swift; path = CoreDataManager.swift; sourceTree = "<group>"; };
		4372806C20AAB3860028C129 /* PersonModels.swift */ = {isa = PBXFileReference; lastKnownFileType = sourcecode.swift; path = PersonModels.swift; sourceTree = "<group>"; };
/* End PBXFileReference section */

/* Begin PBXFrameworksBuildPhase section */
		4365439B20A58A7B0089F809 /* Frameworks */ = {
			isa = PBXFrameworksBuildPhase;
			buildActionMask = 2147483647;
			files = (
			);
			runOnlyForDeploymentPostprocessing = 0;
		};
/* End PBXFrameworksBuildPhase section */

/* Begin PBXGroup section */
		4365439520A58A7B0089F809 = {
			isa = PBXGroup;
			children = (
				436543A020A58A7B0089F809 /* CoreDataTest */,
				4365439F20A58A7B0089F809 /* Products */,
			);
			sourceTree = "<group>";
		};
		4365439F20A58A7B0089F809 /* Products */ = {
			isa = PBXGroup;
			children = (
				4365439E20A58A7B0089F809 /* CoreDataTest.app */,
			);
			name = Products;
			sourceTree = "<group>";
		};
		436543A020A58A7B0089F809 /* CoreDataTest */ = {
			isa = PBXGroup;
			children = (
				436543A120A58A7B0089F809 /* AppDelegate.swift */,
				436543A320A58A7B0089F809 /* ViewController.swift */,
				436543B620A58B100089F809 /* CoreDataManager.swift */,
				4372806C20AAB3860028C129 /* PersonModels.swift */,
				436543B320A58A900089F809 /* Model.xcdatamodeld */,
				436543A520A58A7B0089F809 /* Main.storyboard */,
				436543A820A58A7B0089F809 /* Assets.xcassets */,
				436543AA20A58A7B0089F809 /* LaunchScreen.storyboard */,
				436543AD20A58A7B0089F809 /* Info.plist */,
			);
			path = CoreDataTest;
			sourceTree = "<group>";
		};
/* End PBXGroup section */

/* Begin PBXNativeTarget section */
		4365439D20A58A7B0089F809 /* CoreDataTest */ = {
			isa = PBXNativeTarget;
			buildConfigurationList = 436543B020A58A7B0089F809 /* Build configuration list for PBXNativeTarget "CoreDataTest" */;
			buildPhases = (
				4365439A20A58A7B0089F809 /* Sources */,
				4365439B20A58A7B0089F809 /* Frameworks */,
				4365439C20A58A7B0089F809 /* Resources */,
			);
			buildRules = (
			);
			dependencies = (
			);
			name = CoreDataTest;
			productName = CoreDataTest;
			productReference = 4365439E20A58A7B0089F809 /* CoreDataTest.app */;
			productType = "com.apple.product-type.application";
		};
/* End PBXNativeTarget section */

/* Begin PBXProject section */
		4365439620A58A7B0089F809 /* Project object */ = {
			isa = PBXProject;
			attributes = {
				LastSwiftUpdateCheck = 0910;
				LastUpgradeCheck = 0910;
				ORGANIZATIONNAME = lzhl_iOS;
				TargetAttributes = {
					4365439D20A58A7B0089F809 = {
						CreatedOnToolsVersion = 9.1;
						ProvisioningStyle = Automatic;
					};
				};
			};
			buildConfigurationList = 4365439920A58A7B0089F809 /* Build configuration list for PBXProject "CoreDataTest" */;
			compatibilityVersion = "Xcode 8.0";
			developmentRegion = en;
			hasScannedForEncodings = 0;
			knownRegions = (
				en,
				Base,
			);
			mainGroup = 4365439520A58A7B0089F809;
			productRefGroup = 4365439F20A58A7B0089F809 /* Products */;
			projectDirPath = "";
			projectRoot = "";
			targets = (
				4365439D20A58A7B0089F809 /* CoreDataTest */,
			);
		};
/* End PBXProject section */

/* Begin PBXResourcesBuildPhase section */
		4365439C20A58A7B0089F809 /* Resources */ = {
			isa = PBXResourcesBuildPhase;
			buildActionMask = 2147483647;
			files = (
				436543AC20A58A7B0089F809 /* LaunchScreen.storyboard in Resources */,
				436543A920A58A7B0089F809 /* Assets.xcassets in Resources */,
				436543A720A58A7B0089F809 /* Main.storyboard in Resources */,
			);
			runOnlyForDeploymentPostprocessing = 0;
		};
/* End PBXResourcesBuildPhase section */

/* Begin PBXSourcesBuildPhase section */
		4365439A20A58A7B0089F809 /* Sources */ = {
			isa = PBXSourcesBuildPhase;
			buildActionMask = 2147483647;
			files = (
				436543A420A58A7B0089F809 /* ViewController.swift in Sources */,
				436543A220A58A7B0089F809 /* AppDelegate.swift in Sources */,
				436543B720A58B100089F809 /* CoreDataManager.swift in Sources */,
				4372806D20AAB3860028C129 /* PersonModels.swift in Sources */,
				436543B520A58A900089F809 /* Model.xcdatamodeld in Sources */,
			);
			runOnlyForDeploymentPostprocessing = 0;
		};
/* End PBXSourcesBuildPhase section */

/* Begin PBXVariantGroup section */
		436543A520A58A7B0089F809 /* Main.storyboard */ = {
			isa = PBXVariantGroup;
			children = (
				436543A620A58A7B0089F809 /* Base */,
			);
			name = Main.storyboard;
			sourceTree = "<group>";
		};
		436543AA20A58A7B0089F809 /* LaunchScreen.storyboard */ = {
			isa = PBXVariantGroup;
			children = (
				436543AB20A58A7B0089F809 /* Base */,
			);
			name = LaunchScreen.storyboard;
			sourceTree = "<group>";
		};
/* End PBXVariantGroup section */

/* Begin XCBuildConfiguration section */
		436543AE20A58A7B0089F809 /* Debug */ = {
			isa = XCBuildConfiguration;
			buildSettings = {
				ALWAYS_SEARCH_USER_PATHS = NO;
				CLANG_ANALYZER_NONNULL = YES;
				CLANG_ANALYZER_NUMBER_OBJECT_CONVERSION = YES_AGGRESSIVE;
				CLANG_CXX_LANGUAGE_STANDARD = "gnu++14";
				CLANG_CXX_LIBRARY = "libc++";
				CLANG_ENABLE_MODULES = YES;
				CLANG_ENABLE_OBJC_ARC = YES;
				CLANG_WARN_BLOCK_CAPTURE_AUTORELEASING = YES;
				CLANG_WARN_BOOL_CONVERSION = YES;
				CLANG_WARN_COMMA = YES;
				CLANG_WARN_CONSTANT_CONVERSION = YES;
				CLANG_WARN_DIRECT_OBJC_ISA_USAGE = YES_ERROR;
				CLANG_WARN_DOCUMENTATION_COMMENTS = YES;
				CLANG_WARN_EMPTY_BODY = YES;
				CLANG_WARN_ENUM_CONVERSION = YES;
				CLANG_WARN_INFINITE_RECURSION = YES;
				CLANG_WARN_INT_CONVERSION = YES;
				CLANG_WARN_NON_LITERAL_NULL_CONVERSION = YES;
				CLANG_WARN_OBJC_LITERAL_CONVERSION = YES;
				CLANG_WARN_OBJC_ROOT_CLASS = YES_ERROR;
				CLANG_WARN_RANGE_LOOP_ANALYSIS = YES;
				CLANG_WARN_STRICT_PROTOTYPES = YES;
				CLANG_WARN_SUSPICIOUS_MOVE = YES;
				CLANG_WARN_UNGUARDED_AVAILABILITY = YES_AGGRESSIVE;
				CLANG_WARN_UNREACHABLE_CODE = YES;
				CLANG_WARN__DUPLICATE_METHOD_MATCH = YES;
				CODE_SIGN_IDENTITY = "iPhone Developer";
				COPY_PHASE_STRIP = NO;
				DEBUG_INFORMATION_FORMAT = dwarf;
				ENABLE_STRICT_OBJC_MSGSEND = YES;
				ENABLE_TESTABILITY = YES;
				GCC_C_LANGUAGE_STANDARD = gnu11;
				GCC_DYNAMIC_NO_PIC = NO;
				GCC_NO_COMMON_BLOCKS = YES;
				GCC_OPTIMIZATION_LEVEL = 0;
				GCC_PREPROCESSOR_DEFINITIONS = (
					"DEBUG=1",
					"$(inherited)",
				);
				GCC_WARN_64_TO_32_BIT_CONVERSION = YES;
				GCC_WARN_ABOUT_RETURN_TYPE = YES_ERROR;
				GCC_WARN_UNDECLARED_SELECTOR = YES;
				GCC_WARN_UNINITIALIZED_AUTOS = YES_AGGRESSIVE;
				GCC_WARN_UNUSED_FUNCTION = YES;
				GCC_WARN_UNUSED_VARIABLE = YES;
				IPHONEOS_DEPLOYMENT_TARGET = 11.1;
				MTL_ENABLE_DEBUG_INFO = YES;
				ONLY_ACTIVE_ARCH = YES;
				SDKROOT = iphoneos;
				SWIFT_ACTIVE_COMPILATION_CONDITIONS = DEBUG;
				SWIFT_OPTIMIZATION_LEVEL = "-Onone";
			};
			name = Debug;
		};
		436543AF20A58A7B0089F809 /* Release */ = {
			isa = XCBuildConfiguration;
			buildSettings = {
				ALWAYS_SEARCH_USER_PATHS = NO;
				CLANG_ANALYZER_NONNULL = YES;
				CLANG_ANALYZER_NUMBER_OBJECT_CONVERSION = YES_AGGRESSIVE;
				CLANG_CXX_LANGUAGE_STANDARD = "gnu++14";
				CLANG_CXX_LIBRARY = "libc++";
				CLANG_ENABLE_MODULES = YES;
				CLANG_ENABLE_OBJC_ARC = YES;
				CLANG_WARN_BLOCK_CAPTURE_AUTORELEASING = YES;
				CLANG_WARN_BOOL_CONVERSION = YES;
				CLANG_WARN_COMMA = YES;
				CLANG_WARN_CONSTANT_CONVERSION = YES;
				CLANG_WARN_DIRECT_OBJC_ISA_USAGE = YES_ERROR;
				CLANG_WARN_DOCUMENTATION_COMMENTS = YES;
				CLANG_WARN_EMPTY_BODY = YES;
				CLANG_WARN_ENUM_CONVERSION = YES;
				CLANG_WARN_INFINITE_RECURSION = YES;
				CLANG_WARN_INT_CONVERSION = YES;
				CLANG_WARN_NON_LITERAL_NULL_CONVERSION = YES;
				CLANG_WARN_OBJC_LITERAL_CONVERSION = YES;
				CLANG_WARN_OBJC_ROOT_CLASS = YES_ERROR;
				CLANG_WARN_RANGE_LOOP_ANALYSIS = YES;
				CLANG_WARN_STRICT_PROTOTYPES = YES;
				CLANG_WARN_SUSPICIOUS_MOVE = YES;
				CLANG_WARN_UNGUARDED_AVAILABILITY = YES_AGGRESSIVE;
				CLANG_WARN_UNREACHABLE_CODE = YES;
				CLANG_WARN__DUPLICATE_METHOD_MATCH = YES;
				CODE_SIGN_IDENTITY = "iPhone Developer";
				COPY_PHASE_STRIP = NO;
				DEBUG_INFORMATION_FORMAT = "dwarf-with-dsym";
				ENABLE_NS_ASSERTIONS = NO;
				ENABLE_STRICT_OBJC_MSGSEND = YES;
				GCC_C_LANGUAGE_STANDARD = gnu11;
				GCC_NO_COMMON_BLOCKS = YES;
				GCC_WARN_64_TO_32_BIT_CONVERSION = YES;
				GCC_WARN_ABOUT_RETURN_TYPE = YES_ERROR;
				GCC_WARN_UNDECLARED_SELECTOR = YES;
				GCC_WARN_UNINITIALIZED_AUTOS = YES_AGGRESSIVE;
				GCC_WARN_UNUSED_FUNCTION = YES;
				GCC_WARN_UNUSED_VARIABLE = YES;
				IPHONEOS_DEPLOYMENT_TARGET = 11.1;
				MTL_ENABLE_DEBUG_INFO = NO;
				SDKROOT = iphoneos;
				SWIFT_OPTIMIZATION_LEVEL = "-Owholemodule";
				VALIDATE_PRODUCT = YES;
			};
			name = Release;
		};
		436543B120A58A7B0089F809 /* Debug */ = {
			isa = XCBuildConfiguration;
			buildSettings = {
				ASSETCATALOG_COMPILER_APPICON_NAME = AppIcon;
				CODE_SIGN_STYLE = Automatic;
				INFOPLIST_FILE = CoreDataTest/Info.plist;
				IPHONEOS_DEPLOYMENT_TARGET = 10.0;
				LD_RUNPATH_SEARCH_PATHS = "$(inherited) @executable_path/Frameworks";
				PRODUCT_BUNDLE_IDENTIFIER = com.lzour.CoreDataTest;
				PRODUCT_NAME = "$(TARGET_NAME)";
				SWIFT_VERSION = 4.0;
				TARGETED_DEVICE_FAMILY = "1,2";
			};
			name = Debug;
		};
		436543B220A58A7B0089F809 /* Release */ = {
			isa = XCBuildConfiguration;
			buildSettings = {
				ASSETCATALOG_COMPILER_APPICON_NAME = AppIcon;
				CODE_SIGN_STYLE = Automatic;
				INFOPLIST_FILE = CoreDataTest/Info.plist;
				IPHONEOS_DEPLOYMENT_TARGET = 10.0;
				LD_RUNPATH_SEARCH_PATHS = "$(inherited) @executable_path/Frameworks";
				PRODUCT_BUNDLE_IDENTIFIER = com.lzour.CoreDataTest;
				PRODUCT_NAME = "$(TARGET_NAME)";
				SWIFT_VERSION = 4.0;
				TARGETED_DEVICE_FAMILY = "1,2";
			};
			name = Release;
		};
/* End XCBuildConfiguration section */

/* Begin XCConfigurationList section */
		4365439920A58A7B0089F809 /* Build configuration list for PBXProject "CoreDataTest" */ = {
			isa = XCConfigurationList;
			buildConfigurations = (
				436543AE20A58A7B0089F809 /* Debug */,
				436543AF20A58A7B0089F809 /* Release */,
			);
			defaultConfigurationIsVisible = 0;
			defaultConfigurationName = Release;
		};
		436543B020A58A7B0089F809 /* Build configuration list for PBXNativeTarget "CoreDataTest" */ = {
			isa = XCConfigurationList;
			buildConfigurations = (
				436543B120A58A7B0089F809 /* Debug */,
				436543B220A58A7B0089F809 /* Release */,
			);
			defaultConfigurationIsVisible = 0;
			defaultConfigurationName = Release;
		};
/* End XCConfigurationList section */

/* Begin XCVersionGroup section */
		436543B320A58A900089F809 /* Model.xcdatamodeld */ = {
			isa = XCVersionGroup;
			children = (
				436543B420A58A900089F809 /* Model.xcdatamodel */,
			);
			currentVersion = 436543B420A58A900089F809 /* Model.xcdatamodel */;
			path = Model.xcdatamodeld;
			sourceTree = "<group>";
			versionGroupType = wrapper.xcdatamodel;
		};
/* End XCVersionGroup section */
	};
	rootObject = 4365439620A58A7B0089F809 /* Project object */;
}
